
Microsoft Visual Studio Solution File, Format Version 12.00
# Visual Studio 15
VisualStudioVersion = 15.0.27428.2015
MinimumVisualStudioVersion = 10.0.40219.1
Project("{FAE04EC0-301F-11D3-BF4B-00C04F79EFBC}") = "FacilityClient", "FacilityClient\FacilityClient.csproj", "{57430E58-F768-43F4-B8D4-E7C741B0F7E9}"
EndProject
Project("{FAE04EC0-301F-11D3-BF4B-00C04F79EFBC}") = "ClassLibrary", "ClassLibrary\ClassLibrary.csproj", "{D40CA152-A4EB-4941-BFF7-2FC500421762}"
EndProject
Project("{FAE04EC0-301F-11D3-BF4B-00C04F79EFBC}") = "TrackPartClient", "TrackPartClient\TrackPartClient.csproj", "{77E227A3-39C5-4BE8-ADD0-3C6AFAF60F1F}"
EndProject
Global
	GlobalSection(SolutionConfigurationPlatforms) = preSolution
		Debug|Any CPU = Debug|Any CPU
		Release|Any CPU = Release|Any CPU
	EndGlobalSection
	GlobalSection(ProjectConfigurationPlatforms) = postSolution
		{57430E58-F768-43F4-B8D4-E7C741B0F7E9}.Debug|Any CPU.ActiveCfg = Debug|Any CPU
		{57430E58-F768-43F4-B8D4-E7C741B0F7E9}.Debug|Any CPU.Build.0 = Debug|Any CPU
		{57430E58-F768-43F4-B8D4-E7C741B0F7E9}.Release|Any CPU.ActiveCfg = Release|Any CPU
		{57430E58-F768-43F4-B8D4-E7C741B0F7E9}.Release|Any CPU.Build.0 = Release|Any CPU
		{D40CA152-A4EB-4941-BFF7-2FC500421762}.Debug|Any CPU.ActiveCfg = Debug|Any CPU
		{D40CA152-A4EB-4941-BFF7-2FC500421762}.Debug|Any CPU.Build.0 = Debug|Any CPU
		{D40CA152-A4EB-4941-BFF7-2FC500421762}.Release|Any CPU.ActiveCfg = Release|Any CPU
		{D40CA152-A4EB-4941-BFF7-2FC500421762}.Release|Any CPU.Build.0 = Release|Any CPU
		{77E227A3-39C5-4BE8-ADD0-3C6AFAF60F1F}.Debug|Any CPU.ActiveCfg = Debug|Any CPU
		{77E227A3-39C5-4BE8-ADD0-3C6AFAF60F1F}.Debug|Any CPU.Build.0 = Debug|Any CPU
		{77E227A3-39C5-4BE8-ADD0-3C6AFAF60F1F}.Release|Any CPU.ActiveCfg = Release|Any CPU
		{77E227A3-39C5-4BE8-ADD0-3C6AFAF60F1F}.Release|Any CPU.Build.0 = Release|Any CPU
	EndGlobalSection
	GlobalSection(SolutionProperties) = preSolution
		HideSolutionNode = FALSE
	EndGlobalSection
	GlobalSection(ExtensibilityGlobals) = postSolution
		SolutionGuid = {DC4217C0-6BC4-49B7-BF5B-EA91A52B3D4E}
	EndGlobalSection
EndGlobal
